
Microsoft Visual Studio Solution File, Format Version 12.00
#
Project("{FAE04EC0-301F-11D3-BF4B-00C04F79EFBC}") = "ConsoleApp1", "ConsoleApp1\ConsoleApp1.csproj", "{F6DEFB8E-8611-4740-B003-9402C22C6A85}"
EndProject
Project("{FAE04EC0-301F-11D3-BF4B-00C04F79EFBC}") = "session2", "session2\session2.csproj", "{5E2088B6-9513-4FCA-BE50-D36D3C7A71B7}"
EndProject
Project("{FAE04EC0-301F-11D3-BF4B-00C04F79EFBC}") = "session3", "session3\session3.csproj", "{10CB8875-7F1E-4940-808D-0CBDD0934FFE}"
EndProject
Project("{FAE04EC0-301F-11D3-BF4B-00C04F79EFBC}") = "session4", "session4\session4.csproj", "{BD3124CE-0569-4DF0-8621-064CA9A66A63}"
EndProject
Project("{FAE04EC0-301F-11D3-BF4B-00C04F79EFBC}") = "session5", "session5\session5.csproj", "{07F7CBDC-6CCE-45EB-B0B1-132987980110}"
EndProject
Project("{FAE04EC0-301F-11D3-BF4B-00C04F79EFBC}") = "session6", "session6\session6.csproj", "{9550E106-6B5B-4F4B-8124-2D65764EB0A8}"
EndProject
Project("{FAE04EC0-301F-11D3-BF4B-00C04F79EFBC}") = "exercise01", "exercise01\exercise01.csproj", "{A33EE597-529E-451C-909C-6AEC6DE10763}"
EndProject
Project("{FAE04EC0-301F-11D3-BF4B-00C04F79EFBC}") = "session7", "session7\session7.csproj", "{6F0CF9D1-BC0A-450B-A85D-68129FE28DDE}"
EndProject
Project("{FAE04EC0-301F-11D3-BF4B-00C04F79EFBC}") = "session_optional", "session_optional\session_optional.csproj", "{1A2CF4CA-8E44-48E4-B40F-705E226AC471}"
EndProject
Project("{FAE04EC0-301F-11D3-BF4B-00C04F79EFBC}") = "exercise02", "exercise02\exercise02.csproj", "{24CDC235-C1EC-4AE0-AC9D-0B4730709832}"
EndProject
Project("{FAE04EC0-301F-11D3-BF4B-00C04F79EFBC}") = "session9", "session9\session9.csproj", "{705702A1-D8E5-42CC-B0E0-C36513277CF9}"
EndProject
Project("{FAE04EC0-301F-11D3-BF4B-00C04F79EFBC}") = "session8", "session8\session8.csproj", "{0D011D54-EE79-46D2-80CF-778542AD987E}"
EndProject
Project("{FAE04EC0-301F-11D3-BF4B-00C04F79EFBC}") = "session11_oop_inheritance", "session11_oop_inheritance\session11_oop_inheritance.csproj", "{CCD1116C-6B6A-4078-84C2-2DE30702D353}"
EndProject
Project("{FAE04EC0-301F-11D3-BF4B-00C04F79EFBC}") = "session11_oop_extra", "session11_oop_extra\session11_oop_extra.csproj", "{03B50104-A47B-4757-9FB9-0240957E47F0}"
EndProject
Project("{FAE04EC0-301F-11D3-BF4B-00C04F79EFBC}") = "session10_inheritance", "session10_inheritance\session10_inheritance.csproj", "{85FE8731-F648-4D8A-BFB3-6598E1F8DDBC}"
EndProject
Project("{FAE04EC0-301F-11D3-BF4B-00C04F79EFBC}") = "session13_oop", "session13_oop\session13_oop.csproj", "{0736020C-C382-41EC-A072-172356EE316D}"
EndProject
Project("{FAE04EC0-301F-11D3-BF4B-00C04F79EFBC}") = "session14_oop", "session14_oop\session14_oop.csproj", "{B95CA256-F5FF-42DC-8A09-485A12BE0FA8}"
EndProject
Global
	GlobalSection(SolutionConfigurationPlatforms) = preSolution
		Debug|Any CPU = Debug|Any CPU
		Release|Any CPU = Release|Any CPU
	EndGlobalSection
	GlobalSection(ProjectConfigurationPlatforms) = postSolution
		{F6DEFB8E-8611-4740-B003-9402C22C6A85}.Debug|Any CPU.ActiveCfg = Debug|Any CPU
		{F6DEFB8E-8611-4740-B003-9402C22C6A85}.Debug|Any CPU.Build.0 = Debug|Any CPU
		{F6DEFB8E-8611-4740-B003-9402C22C6A85}.Release|Any CPU.ActiveCfg = Release|Any CPU
		{F6DEFB8E-8611-4740-B003-9402C22C6A85}.Release|Any CPU.Build.0 = Release|Any CPU
		{5E2088B6-9513-4FCA-BE50-D36D3C7A71B7}.Debug|Any CPU.ActiveCfg = Debug|Any CPU
		{5E2088B6-9513-4FCA-BE50-D36D3C7A71B7}.Debug|Any CPU.Build.0 = Debug|Any CPU
		{5E2088B6-9513-4FCA-BE50-D36D3C7A71B7}.Release|Any CPU.ActiveCfg = Release|Any CPU
		{5E2088B6-9513-4FCA-BE50-D36D3C7A71B7}.Release|Any CPU.Build.0 = Release|Any CPU
		{10CB8875-7F1E-4940-808D-0CBDD0934FFE}.Debug|Any CPU.ActiveCfg = Debug|Any CPU
		{10CB8875-7F1E-4940-808D-0CBDD0934FFE}.Debug|Any CPU.Build.0 = Debug|Any CPU
		{10CB8875-7F1E-4940-808D-0CBDD0934FFE}.Release|Any CPU.ActiveCfg = Release|Any CPU
		{10CB8875-7F1E-4940-808D-0CBDD0934FFE}.Release|Any CPU.Build.0 = Release|Any CPU
		{BD3124CE-0569-4DF0-8621-064CA9A66A63}.Debug|Any CPU.ActiveCfg = Debug|Any CPU
		{BD3124CE-0569-4DF0-8621-064CA9A66A63}.Debug|Any CPU.Build.0 = Debug|Any CPU
		{BD3124CE-0569-4DF0-8621-064CA9A66A63}.Release|Any CPU.ActiveCfg = Release|Any CPU
		{BD3124CE-0569-4DF0-8621-064CA9A66A63}.Release|Any CPU.Build.0 = Release|Any CPU
		{07F7CBDC-6CCE-45EB-B0B1-132987980110}.Debug|Any CPU.ActiveCfg = Debug|Any CPU
		{07F7CBDC-6CCE-45EB-B0B1-132987980110}.Debug|Any CPU.Build.0 = Debug|Any CPU
		{07F7CBDC-6CCE-45EB-B0B1-132987980110}.Release|Any CPU.ActiveCfg = Release|Any CPU
		{07F7CBDC-6CCE-45EB-B0B1-132987980110}.Release|Any CPU.Build.0 = Release|Any CPU
		{9550E106-6B5B-4F4B-8124-2D65764EB0A8}.Debug|Any CPU.ActiveCfg = Debug|Any CPU
		{9550E106-6B5B-4F4B-8124-2D65764EB0A8}.Debug|Any CPU.Build.0 = Debug|Any CPU
		{9550E106-6B5B-4F4B-8124-2D65764EB0A8}.Release|Any CPU.ActiveCfg = Release|Any CPU
		{9550E106-6B5B-4F4B-8124-2D65764EB0A8}.Release|Any CPU.Build.0 = Release|Any CPU
		{A33EE597-529E-451C-909C-6AEC6DE10763}.Debug|Any CPU.ActiveCfg = Debug|Any CPU
		{A33EE597-529E-451C-909C-6AEC6DE10763}.Debug|Any CPU.Build.0 = Debug|Any CPU
		{A33EE597-529E-451C-909C-6AEC6DE10763}.Release|Any CPU.ActiveCfg = Release|Any CPU
		{A33EE597-529E-451C-909C-6AEC6DE10763}.Release|Any CPU.Build.0 = Release|Any CPU
		{6F0CF9D1-BC0A-450B-A85D-68129FE28DDE}.Debug|Any CPU.ActiveCfg = Debug|Any CPU
		{6F0CF9D1-BC0A-450B-A85D-68129FE28DDE}.Debug|Any CPU.Build.0 = Debug|Any CPU
		{6F0CF9D1-BC0A-450B-A85D-68129FE28DDE}.Release|Any CPU.ActiveCfg = Release|Any CPU
		{6F0CF9D1-BC0A-450B-A85D-68129FE28DDE}.Release|Any CPU.Build.0 = Release|Any CPU
		{1A2CF4CA-8E44-48E4-B40F-705E226AC471}.Debug|Any CPU.ActiveCfg = Debug|Any CPU
		{1A2CF4CA-8E44-48E4-B40F-705E226AC471}.Debug|Any CPU.Build.0 = Debug|Any CPU
		{1A2CF4CA-8E44-48E4-B40F-705E226AC471}.Release|Any CPU.ActiveCfg = Release|Any CPU
		{1A2CF4CA-8E44-48E4-B40F-705E226AC471}.Release|Any CPU.Build.0 = Release|Any CPU
		{24CDC235-C1EC-4AE0-AC9D-0B4730709832}.Debug|Any CPU.ActiveCfg = Debug|Any CPU
		{24CDC235-C1EC-4AE0-AC9D-0B4730709832}.Debug|Any CPU.Build.0 = Debug|Any CPU
		{24CDC235-C1EC-4AE0-AC9D-0B4730709832}.Release|Any CPU.ActiveCfg = Release|Any CPU
		{24CDC235-C1EC-4AE0-AC9D-0B4730709832}.Release|Any CPU.Build.0 = Release|Any CPU
		{705702A1-D8E5-42CC-B0E0-C36513277CF9}.Debug|Any CPU.ActiveCfg = Debug|Any CPU
		{705702A1-D8E5-42CC-B0E0-C36513277CF9}.Debug|Any CPU.Build.0 = Debug|Any CPU
		{705702A1-D8E5-42CC-B0E0-C36513277CF9}.Release|Any CPU.ActiveCfg = Release|Any CPU
		{705702A1-D8E5-42CC-B0E0-C36513277CF9}.Release|Any CPU.Build.0 = Release|Any CPU
		{0D011D54-EE79-46D2-80CF-778542AD987E}.Debug|Any CPU.ActiveCfg = Debug|Any CPU
		{0D011D54-EE79-46D2-80CF-778542AD987E}.Debug|Any CPU.Build.0 = Debug|Any CPU
		{0D011D54-EE79-46D2-80CF-778542AD987E}.Release|Any CPU.ActiveCfg = Release|Any CPU
		{0D011D54-EE79-46D2-80CF-778542AD987E}.Release|Any CPU.Build.0 = Release|Any CPU
		{CCD1116C-6B6A-4078-84C2-2DE30702D353}.Debug|Any CPU.ActiveCfg = Debug|Any CPU
		{CCD1116C-6B6A-4078-84C2-2DE30702D353}.Debug|Any CPU.Build.0 = Debug|Any CPU
		{CCD1116C-6B6A-4078-84C2-2DE30702D353}.Release|Any CPU.ActiveCfg = Release|Any CPU
		{CCD1116C-6B6A-4078-84C2-2DE30702D353}.Release|Any CPU.Build.0 = Release|Any CPU
		{03B50104-A47B-4757-9FB9-0240957E47F0}.Debug|Any CPU.ActiveCfg = Debug|Any CPU
		{03B50104-A47B-4757-9FB9-0240957E47F0}.Debug|Any CPU.Build.0 = Debug|Any CPU
		{03B50104-A47B-4757-9FB9-0240957E47F0}.Release|Any CPU.ActiveCfg = Release|Any CPU
		{03B50104-A47B-4757-9FB9-0240957E47F0}.Release|Any CPU.Build.0 = Release|Any CPU
		{85FE8731-F648-4D8A-BFB3-6598E1F8DDBC}.Debug|Any CPU.ActiveCfg = Debug|Any CPU
		{85FE8731-F648-4D8A-BFB3-6598E1F8DDBC}.Debug|Any CPU.Build.0 = Debug|Any CPU
		{85FE8731-F648-4D8A-BFB3-6598E1F8DDBC}.Release|Any CPU.ActiveCfg = Release|Any CPU
		{85FE8731-F648-4D8A-BFB3-6598E1F8DDBC}.Release|Any CPU.Build.0 = Release|Any CPU
		{0736020C-C382-41EC-A072-172356EE316D}.Debug|Any CPU.ActiveCfg = Debug|Any CPU
		{0736020C-C382-41EC-A072-172356EE316D}.Debug|Any CPU.Build.0 = Debug|Any CPU
		{0736020C-C382-41EC-A072-172356EE316D}.Release|Any CPU.ActiveCfg = Release|Any CPU
		{0736020C-C382-41EC-A072-172356EE316D}.Release|Any CPU.Build.0 = Release|Any CPU
		{B95CA256-F5FF-42DC-8A09-485A12BE0FA8}.Debug|Any CPU.ActiveCfg = Debug|Any CPU
		{B95CA256-F5FF-42DC-8A09-485A12BE0FA8}.Debug|Any CPU.Build.0 = Debug|Any CPU
		{B95CA256-F5FF-42DC-8A09-485A12BE0FA8}.Release|Any CPU.ActiveCfg = Release|Any CPU
		{B95CA256-F5FF-42DC-8A09-485A12BE0FA8}.Release|Any CPU.Build.0 = Release|Any CPU
	EndGlobalSection
EndGlobal
